
Microsoft Visual Studio Solution File, Format Version 12.00
# Visual Studio 15
VisualStudioVersion = 15.0.28307.1585
MinimumVisualStudioVersion = 10.0.40219.1
Project("{FAE04EC0-301F-11D3-BF4B-00C04F79EFBC}") = "RM", "RM\RM.csproj", "{3DDFD9B6-272D-445E-86A4-D8684E49D836}"
EndProject
Project("{FAE04EC0-301F-11D3-BF4B-00C04F79EFBC}") = "Balances", "Balances\Balances.csproj", "{031AD0B4-A5ED-40AB-8790-4D4A74DECD86}"
EndProject
Project("{FAE04EC0-301F-11D3-BF4B-00C04F79EFBC}") = "Model", "Model\Model.csproj", "{899F8A72-E9E3-4A2B-B39A-11D36F819D57}"
EndProject
Global
	GlobalSection(SolutionConfigurationPlatforms) = preSolution
		Debug|Any CPU = Debug|Any CPU
		Release|Any CPU = Release|Any CPU
	EndGlobalSection
	GlobalSection(ProjectConfigurationPlatforms) = postSolution
		{3DDFD9B6-272D-445E-86A4-D8684E49D836}.Debug|Any CPU.ActiveCfg = Debug|Any CPU
		{3DDFD9B6-272D-445E-86A4-D8684E49D836}.Debug|Any CPU.Build.0 = Debug|Any CPU
		{3DDFD9B6-272D-445E-86A4-D8684E49D836}.Release|Any CPU.ActiveCfg = Release|Any CPU
		{3DDFD9B6-272D-445E-86A4-D8684E49D836}.Release|Any CPU.Build.0 = Release|Any CPU
		{031AD0B4-A5ED-40AB-8790-4D4A74DECD86}.Debug|Any CPU.ActiveCfg = Debug|Any CPU
		{031AD0B4-A5ED-40AB-8790-4D4A74DECD86}.Debug|Any CPU.Build.0 = Debug|Any CPU
		{031AD0B4-A5ED-40AB-8790-4D4A74DECD86}.Release|Any CPU.ActiveCfg = Release|Any CPU
		{031AD0B4-A5ED-40AB-8790-4D4A74DECD86}.Release|Any CPU.Build.0 = Release|Any CPU
		{899F8A72-E9E3-4A2B-B39A-11D36F819D57}.Debug|Any CPU.ActiveCfg = Debug|Any CPU
		{899F8A72-E9E3-4A2B-B39A-11D36F819D57}.Debug|Any CPU.Build.0 = Debug|Any CPU
		{899F8A72-E9E3-4A2B-B39A-11D36F819D57}.Release|Any CPU.ActiveCfg = Release|Any CPU
		{899F8A72-E9E3-4A2B-B39A-11D36F819D57}.Release|Any CPU.Build.0 = Release|Any CPU
	EndGlobalSection
	GlobalSection(SolutionProperties) = preSolution
		HideSolutionNode = FALSE
	EndGlobalSection
	GlobalSection(ExtensibilityGlobals) = postSolution
		SolutionGuid = {05A9C626-B46E-41DD-A2F9-333C5AEB67F5}
	EndGlobalSection
EndGlobal
